
Microsoft Visual Studio Solution File, Format Version 12.00
# Visual Studio Version 17
VisualStudioVersion = 17.7.34031.279
MinimumVisualStudioVersion = 10.0.40219.1
Project("{FAE04EC0-301F-11D3-BF4B-00C04F79EFBC}") = "Capsha.WebApplication1", "Capsha.WebApplication1\Capsha.WebApplication1.csproj", "{0F1D93ED-73AF-4706-86C2-C6E0E0AF5839}"
EndProject
Global
	GlobalSection(SolutionConfigurationPlatforms) = preSolution
		Debug|Any CPU = Debug|Any CPU
		Release|Any CPU = Release|Any CPU
	EndGlobalSection
	GlobalSection(ProjectConfigurationPlatforms) = postSolution
		{0F1D93ED-73AF-4706-86C2-C6E0E0AF5839}.Debug|Any CPU.ActiveCfg = Debug|Any CPU
		{0F1D93ED-73AF-4706-86C2-C6E0E0AF5839}.Debug|Any CPU.Build.0 = Debug|Any CPU
		{0F1D93ED-73AF-4706-86C2-C6E0E0AF5839}.Release|Any CPU.ActiveCfg = Release|Any CPU
		{0F1D93ED-73AF-4706-86C2-C6E0E0AF5839}.Release|Any CPU.Build.0 = Release|Any CPU
	EndGlobalSection
	GlobalSection(SolutionProperties) = preSolution
		HideSolutionNode = FALSE
	EndGlobalSection
	GlobalSection(ExtensibilityGlobals) = postSolution
		SolutionGuid = {30315289-CDF1-44B0-95F6-F5AD58B44C13}
	EndGlobalSection
EndGlobal
